
Microsoft Visual Studio Solution File, Format Version 12.00
# Visual Studio Version 16
VisualStudioVersion = 16.0.31729.503
MinimumVisualStudioVersion = 10.0.40219.1
Project("{8BC9CEB8-8B4A-11D0-8D11-00A0C91BC942}") = "AbsoluteDifference", "AbsoluteDifference\AbsoluteDifference.vcxproj", "{EC342497-6136-44DC-968A-3B134861F781}"
EndProject
Project("{8BC9CEB8-8B4A-11D0-8D11-00A0C91BC942}") = "CelciusToFahrenheit", "CelciusToFahrenheit\CelciusToFahrenheit.vcxproj", "{7280B914-6F82-4F2C-B02F-FDBAF92FB4C7}"
EndProject
Project("{8BC9CEB8-8B4A-11D0-8D11-00A0C91BC942}") = "EvenOrOdd", "EvenOrOdd\EvenOrOdd.vcxproj", "{D2DFCF2B-161B-4AA4-909C-7C59E5144951}"
EndProject
Project("{8BC9CEB8-8B4A-11D0-8D11-00A0C91BC942}") = "LastDigitOfANumber", "LastDigitOfANumber\LastDigitOfANumber.vcxproj", "{C97320E5-F5DB-4B12-BA80-C5B3AC4D2674}"
EndProject
Project("{8BC9CEB8-8B4A-11D0-8D11-00A0C91BC942}") = "Swap", "Swap\Swap.vcxproj", "{20CB054B-6993-4933-B0EF-64C62ED74B74}"
EndProject
Project("{8BC9CEB8-8B4A-11D0-8D11-00A0C91BC942}") = "GuessingGame", "GuessingGame\GuessingGame.vcxproj", "{01C555D3-C7BA-4A34-B849-C04C33FF924D}"
EndProject
Global
	GlobalSection(SolutionConfigurationPlatforms) = preSolution
		Debug|x64 = Debug|x64
		Debug|x86 = Debug|x86
		Release|x64 = Release|x64
		Release|x86 = Release|x86
	EndGlobalSection
	GlobalSection(ProjectConfigurationPlatforms) = postSolution
		{EC342497-6136-44DC-968A-3B134861F781}.Debug|x64.ActiveCfg = Debug|x64
		{EC342497-6136-44DC-968A-3B134861F781}.Debug|x64.Build.0 = Debug|x64
		{EC342497-6136-44DC-968A-3B134861F781}.Debug|x86.ActiveCfg = Debug|Win32
		{EC342497-6136-44DC-968A-3B134861F781}.Debug|x86.Build.0 = Debug|Win32
		{EC342497-6136-44DC-968A-3B134861F781}.Release|x64.ActiveCfg = Release|x64
		{EC342497-6136-44DC-968A-3B134861F781}.Release|x64.Build.0 = Release|x64
		{EC342497-6136-44DC-968A-3B134861F781}.Release|x86.ActiveCfg = Release|Win32
		{EC342497-6136-44DC-968A-3B134861F781}.Release|x86.Build.0 = Release|Win32
		{7280B914-6F82-4F2C-B02F-FDBAF92FB4C7}.Debug|x64.ActiveCfg = Debug|x64
		{7280B914-6F82-4F2C-B02F-FDBAF92FB4C7}.Debug|x64.Build.0 = Debug|x64
		{7280B914-6F82-4F2C-B02F-FDBAF92FB4C7}.Debug|x86.ActiveCfg = Debug|Win32
		{7280B914-6F82-4F2C-B02F-FDBAF92FB4C7}.Debug|x86.Build.0 = Debug|Win32
		{7280B914-6F82-4F2C-B02F-FDBAF92FB4C7}.Release|x64.ActiveCfg = Release|x64
		{7280B914-6F82-4F2C-B02F-FDBAF92FB4C7}.Release|x64.Build.0 = Release|x64
		{7280B914-6F82-4F2C-B02F-FDBAF92FB4C7}.Release|x86.ActiveCfg = Release|Win32
		{7280B914-6F82-4F2C-B02F-FDBAF92FB4C7}.Release|x86.Build.0 = Release|Win32
		{D2DFCF2B-161B-4AA4-909C-7C59E5144951}.Debug|x64.ActiveCfg = Debug|x64
		{D2DFCF2B-161B-4AA4-909C-7C59E5144951}.Debug|x64.Build.0 = Debug|x64
		{D2DFCF2B-161B-4AA4-909C-7C59E5144951}.Debug|x86.ActiveCfg = Debug|Win32
		{D2DFCF2B-161B-4AA4-909C-7C59E5144951}.Debug|x86.Build.0 = Debug|Win32
		{D2DFCF2B-161B-4AA4-909C-7C59E5144951}.Release|x64.ActiveCfg = Release|x64
		{D2DFCF2B-161B-4AA4-909C-7C59E5144951}.Release|x64.Build.0 = Release|x64
		{D2DFCF2B-161B-4AA4-909C-7C59E5144951}.Release|x86.ActiveCfg = Release|Win32
		{D2DFCF2B-161B-4AA4-909C-7C59E5144951}.Release|x86.Build.0 = Release|Win32
		{C97320E5-F5DB-4B12-BA80-C5B3AC4D2674}.Debug|x64.ActiveCfg = Debug|x64
		{C97320E5-F5DB-4B12-BA80-C5B3AC4D2674}.Debug|x64.Build.0 = Debug|x64
		{C97320E5-F5DB-4B12-BA80-C5B3AC4D2674}.Debug|x86.ActiveCfg = Debug|Win32
		{C97320E5-F5DB-4B12-BA80-C5B3AC4D2674}.Debug|x86.Build.0 = Debug|Win32
		{C97320E5-F5DB-4B12-BA80-C5B3AC4D2674}.Release|x64.ActiveCfg = Release|x64
		{C97320E5-F5DB-4B12-BA80-C5B3AC4D2674}.Release|x64.Build.0 = Release|x64
		{C97320E5-F5DB-4B12-BA80-C5B3AC4D2674}.Release|x86.ActiveCfg = Release|Win32
		{C97320E5-F5DB-4B12-BA80-C5B3AC4D2674}.Release|x86.Build.0 = Release|Win32
		{20CB054B-6993-4933-B0EF-64C62ED74B74}.Debug|x64.ActiveCfg = Debug|x64
		{20CB054B-6993-4933-B0EF-64C62ED74B74}.Debug|x64.Build.0 = Debug|x64
		{20CB054B-6993-4933-B0EF-64C62ED74B74}.Debug|x86.ActiveCfg = Debug|Win32
		{20CB054B-6993-4933-B0EF-64C62ED74B74}.Debug|x86.Build.0 = Debug|Win32
		{20CB054B-6993-4933-B0EF-64C62ED74B74}.Release|x64.ActiveCfg = Release|x64
		{20CB054B-6993-4933-B0EF-64C62ED74B74}.Release|x64.Build.0 = Release|x64
		{20CB054B-6993-4933-B0EF-64C62ED74B74}.Release|x86.ActiveCfg = Release|Win32
		{20CB054B-6993-4933-B0EF-64C62ED74B74}.Release|x86.Build.0 = Release|Win32
		{01C555D3-C7BA-4A34-B849-C04C33FF924D}.Debug|x64.ActiveCfg = Debug|x64
		{01C555D3-C7BA-4A34-B849-C04C33FF924D}.Debug|x64.Build.0 = Debug|x64
		{01C555D3-C7BA-4A34-B849-C04C33FF924D}.Debug|x86.ActiveCfg = Debug|Win32
		{01C555D3-C7BA-4A34-B849-C04C33FF924D}.Debug|x86.Build.0 = Debug|Win32
		{01C555D3-C7BA-4A34-B849-C04C33FF924D}.Release|x64.ActiveCfg = Release|x64
		{01C555D3-C7BA-4A34-B849-C04C33FF924D}.Release|x64.Build.0 = Release|x64
		{01C555D3-C7BA-4A34-B849-C04C33FF924D}.Release|x86.ActiveCfg = Release|Win32
		{01C555D3-C7BA-4A34-B849-C04C33FF924D}.Release|x86.Build.0 = Release|Win32
	EndGlobalSection
	GlobalSection(SolutionProperties) = preSolution
		HideSolutionNode = FALSE
	EndGlobalSection
	GlobalSection(ExtensibilityGlobals) = postSolution
		SolutionGuid = {69FDBEFE-42BA-434A-8258-B12150FD9277}
	EndGlobalSection
EndGlobal
